// !$*UTF8*$!
{
	archiveVersion = 1;
	classes = {
	};
	objectVersion = 50;
	objects = {

/* Begin PBXBuildFile section */
		402EB32621F0A08000D506E4 /* AppDelegate.swift in Sources */ = {isa = PBXBuildFile; fileRef = 402EB32521F0A08000D506E4 /* AppDelegate.swift */; };
		402EB32821F0A08000D506E4 /* ViewController.swift in Sources */ = {isa = PBXBuildFile; fileRef = 402EB32721F0A08000D506E4 /* ViewController.swift */; };
		402EB32B21F0A08000D506E4 /* Main.storyboard in Resources */ = {isa = PBXBuildFile; fileRef = 402EB32921F0A08000D506E4 /* Main.storyboard */; };
		402EB32D21F0A08000D506E4 /* Assets.xcassets in Resources */ = {isa = PBXBuildFile; fileRef = 402EB32C21F0A08000D506E4 /* Assets.xcassets */; };
		402EB33021F0A08000D506E4 /* LaunchScreen.storyboard in Resources */ = {isa = PBXBuildFile; fileRef = 402EB32E21F0A08000D506E4 /* LaunchScreen.storyboard */; };
		402EB33B21F0A08000D506E4 /* SampleTableView2Tests.swift in Sources */ = {isa = PBXBuildFile; fileRef = 402EB33A21F0A08000D506E4 /* SampleTableView2Tests.swift */; };
		402EB34621F0A08000D506E4 /* SampleTableView2UITests.swift in Sources */ = {isa = PBXBuildFile; fileRef = 402EB34521F0A08000D506E4 /* SampleTableView2UITests.swift */; };
		402EB35E21F0BD4F00D506E4 /* image2.JPG in Resources */ = {isa = PBXBuildFile; fileRef = 402EB35421F0BD4E00D506E4 /* image2.JPG */; };
		402EB35F21F0BD4F00D506E4 /* image6.JPG in Resources */ = {isa = PBXBuildFile; fileRef = 402EB35521F0BD4E00D506E4 /* image6.JPG */; };
		402EB36121F0BD4F00D506E4 /* image8.JPG in Resources */ = {isa = PBXBuildFile; fileRef = 402EB35721F0BD4E00D506E4 /* image8.JPG */; };
		402EB36221F0BD4F00D506E4 /* image1.HEIC in Resources */ = {isa = PBXBuildFile; fileRef = 402EB35821F0BD4E00D506E4 /* image1.HEIC */; };
		402EB36321F0BD4F00D506E4 /* image5.JPG in Resources */ = {isa = PBXBuildFile; fileRef = 402EB35921F0BD4E00D506E4 /* image5.JPG */; };
		402EB36421F0BD4F00D506E4 /* image3.JPG in Resources */ = {isa = PBXBuildFile; fileRef = 402EB35A21F0BD4F00D506E4 /* image3.JPG */; };
		402EB36621F0BD4F00D506E4 /* image7.JPG in Resources */ = {isa = PBXBuildFile; fileRef = 402EB35C21F0BD4F00D506E4 /* image7.JPG */; };
		40F1EF1621F502CC00001885 /* image10.JPG in Resources */ = {isa = PBXBuildFile; fileRef = 40F1EF1221F502CB00001885 /* image10.JPG */; };
		40F1EF1A21F502FD00001885 /* image9.JPG in Resources */ = {isa = PBXBuildFile; fileRef = 40F1EF1921F502FD00001885 /* image9.JPG */; };
		40F1EF1D21F503EB00001885 /* CustomTableViewCell.swift in Sources */ = {isa = PBXBuildFile; fileRef = 40F1EF1B21F503EB00001885 /* CustomTableViewCell.swift */; };
		40F1EF1E21F503EB00001885 /* CustomTableViewCell.xib in Resources */ = {isa = PBXBuildFile; fileRef = 40F1EF1C21F503EB00001885 /* CustomTableViewCell.xib */; };
/* End PBXBuildFile section */

/* Begin PBXContainerItemProxy section */
		402EB33721F0A08000D506E4 /* PBXContainerItemProxy */ = {
			isa = PBXContainerItemProxy;
			containerPortal = 402EB31A21F0A08000D506E4 /* Project object */;
			proxyType = 1;
			remoteGlobalIDString = 402EB32121F0A08000D506E4;
			remoteInfo = SampleTableView2;
		};
		402EB34221F0A08000D506E4 /* PBXContainerItemProxy */ = {
			isa = PBXContainerItemProxy;
			containerPortal = 402EB31A21F0A08000D506E4 /* Project object */;
			proxyType = 1;
			remoteGlobalIDString = 402EB32121F0A08000D506E4;
			remoteInfo = SampleTableView2;
		};
/* End PBXContainerItemProxy section */

/* Begin PBXFileReference section */
		401C492121F717C2008CCBE7 /* image4.HEIC */ = {isa = PBXFileReference; lastKnownFileType = file; name = image4.HEIC; path = ../../../../marina/image/image4.HEIC; sourceTree = "<group>"; };
		402EB32221F0A08000D506E4 /* SampleTableView2.app */ = {isa = PBXFileReference; explicitFileType = wrapper.application; includeInIndex = 0; path = SampleTableView2.app; sourceTree = BUILT_PRODUCTS_DIR; };
		402EB32521F0A08000D506E4 /* AppDelegate.swift */ = {isa = PBXFileReference; lastKnownFileType = sourcecode.swift; path = AppDelegate.swift; sourceTree = "<group>"; };
		402EB32721F0A08000D506E4 /* ViewController.swift */ = {isa = PBXFileReference; lastKnownFileType = sourcecode.swift; path = ViewController.swift; sourceTree = "<group>"; };
		402EB32A21F0A08000D506E4 /* Base */ = {isa = PBXFileReference; lastKnownFileType = file.storyboard; name = Base; path = Base.lproj/Main.storyboard; sourceTree = "<group>"; };
		402EB32C21F0A08000D506E4 /* Assets.xcassets */ = {isa = PBXFileReference; lastKnownFileType = folder.assetcatalog; path = Assets.xcassets; sourceTree = "<group>"; };
		402EB32F21F0A08000D506E4 /* Base */ = {isa = PBXFileReference; lastKnownFileType = file.storyboard; name = Base; path = Base.lproj/LaunchScreen.storyboard; sourceTree = "<group>"; };
		402EB33121F0A08000D506E4 /* Info.plist */ = {isa = PBXFileReference; lastKnownFileType = text.plist.xml; path = Info.plist; sourceTree = "<group>"; };
		402EB33621F0A08000D506E4 /* SampleTableView2Tests.xctest */ = {isa = PBXFileReference; explicitFileType = wrapper.cfbundle; includeInIndex = 0; path = SampleTableView2Tests.xctest; sourceTree = BUILT_PRODUCTS_DIR; };
		402EB33A21F0A08000D506E4 /* SampleTableView2Tests.swift */ = {isa = PBXFileReference; lastKnownFileType = sourcecode.swift; path = SampleTableView2Tests.swift; sourceTree = "<group>"; };
		402EB33C21F0A08000D506E4 /* Info.plist */ = {isa = PBXFileReference; lastKnownFileType = text.plist.xml; path = Info.plist; sourceTree = "<group>"; };
		402EB34121F0A08000D506E4 /* SampleTableView2UITests.xctest */ = {isa = PBXFileReference; explicitFileType = wrapper.cfbundle; includeInIndex = 0; path = SampleTableView2UITests.xctest; sourceTree = BUILT_PRODUCTS_DIR; };
		402EB34521F0A08000D506E4 /* SampleTableView2UITests.swift */ = {isa = PBXFileReference; lastKnownFileType = sourcecode.swift; path = SampleTableView2UITests.swift; sourceTree = "<group>"; };
		402EB34721F0A08000D506E4 /* Info.plist */ = {isa = PBXFileReference; lastKnownFileType = text.plist.xml; path = Info.plist; sourceTree = "<group>"; };
		402EB35421F0BD4E00D506E4 /* image2.JPG */ = {isa = PBXFileReference; lastKnownFileType = image.jpeg; path = image2.JPG; sourceTree = "<group>"; };
		402EB35521F0BD4E00D506E4 /* image6.JPG */ = {isa = PBXFileReference; lastKnownFileType = image.jpeg; path = image6.JPG; sourceTree = "<group>"; };
		402EB35721F0BD4E00D506E4 /* image8.JPG */ = {isa = PBXFileReference; lastKnownFileType = image.jpeg; path = image8.JPG; sourceTree = "<group>"; };
		402EB35821F0BD4E00D506E4 /* image1.HEIC */ = {isa = PBXFileReference; lastKnownFileType = file; path = image1.HEIC; sourceTree = "<group>"; };
		402EB35921F0BD4E00D506E4 /* image5.JPG */ = {isa = PBXFileReference; lastKnownFileType = image.jpeg; path = image5.JPG; sourceTree = "<group>"; };
		402EB35A21F0BD4F00D506E4 /* image3.JPG */ = {isa = PBXFileReference; lastKnownFileType = image.jpeg; path = image3.JPG; sourceTree = "<group>"; };
		402EB35C21F0BD4F00D506E4 /* image7.JPG */ = {isa = PBXFileReference; lastKnownFileType = image.jpeg; path = image7.JPG; sourceTree = "<group>"; };
		40F1EF1221F502CB00001885 /* image10.JPG */ = {isa = PBXFileReference; lastKnownFileType = image.jpeg; path = image10.JPG; sourceTree = "<group>"; };
		40F1EF1921F502FD00001885 /* image9.JPG */ = {isa = PBXFileReference; lastKnownFileType = image.jpeg; path = image9.JPG; sourceTree = "<group>"; };
		40F1EF1B21F503EB00001885 /* CustomTableViewCell.swift */ = {isa = PBXFileReference; lastKnownFileType = sourcecode.swift; path = CustomTableViewCell.swift; sourceTree = "<group>"; };
		40F1EF1C21F503EB00001885 /* CustomTableViewCell.xib */ = {isa = PBXFileReference; lastKnownFileType = file.xib; path = CustomTableViewCell.xib; sourceTree = "<group>"; };
/* End PBXFileReference section */

/* Begin PBXFrameworksBuildPhase section */
		402EB31F21F0A08000D506E4 /* Frameworks */ = {
			isa = PBXFrameworksBuildPhase;
			buildActionMask = 2147483647;
			files = (
			);
			runOnlyForDeploymentPostprocessing = 0;
		};
		402EB33321F0A08000D506E4 /* Frameworks */ = {
			isa = PBXFrameworksBuildPhase;
			buildActionMask = 2147483647;
			files = (
			);
			runOnlyForDeploymentPostprocessing = 0;
		};
		402EB33E21F0A08000D506E4 /* Frameworks */ = {
			isa = PBXFrameworksBuildPhase;
			buildActionMask = 2147483647;
			files = (
			);
			runOnlyForDeploymentPostprocessing = 0;
		};
/* End PBXFrameworksBuildPhase section */

/* Begin PBXGroup section */
		402EB31921F0A08000D506E4 = {
			isa = PBXGroup;
			children = (
				402EB32421F0A08000D506E4 /* SampleTableView2 */,
				402EB33921F0A08000D506E4 /* SampleTableView2Tests */,
				402EB34421F0A08000D506E4 /* SampleTableView2UITests */,
				402EB32321F0A08000D506E4 /* Products */,
			);
			sourceTree = "<group>";
		};
		402EB32321F0A08000D506E4 /* Products */ = {
			isa = PBXGroup;
			children = (
				402EB32221F0A08000D506E4 /* SampleTableView2.app */,
				402EB33621F0A08000D506E4 /* SampleTableView2Tests.xctest */,
				402EB34121F0A08000D506E4 /* SampleTableView2UITests.xctest */,
			);
			name = Products;
			sourceTree = "<group>";
		};
		402EB32421F0A08000D506E4 /* SampleTableView2 */ = {
			isa = PBXGroup;
			children = (
				402EB35321F0BD4400D506E4 /* image */,
				402EB32521F0A08000D506E4 /* AppDelegate.swift */,
				402EB32721F0A08000D506E4 /* ViewController.swift */,
				402EB32921F0A08000D506E4 /* Main.storyboard */,
				402EB32C21F0A08000D506E4 /* Assets.xcassets */,
				402EB32E21F0A08000D506E4 /* LaunchScreen.storyboard */,
				402EB33121F0A08000D506E4 /* Info.plist */,
				40305D0C21F4FD5C003BD229 /* CustomCell */,
			);
			path = SampleTableView2;
			sourceTree = "<group>";
		};
		402EB33921F0A08000D506E4 /* SampleTableView2Tests */ = {
			isa = PBXGroup;
			children = (
				402EB33A21F0A08000D506E4 /* SampleTableView2Tests.swift */,
				402EB33C21F0A08000D506E4 /* Info.plist */,
			);
			path = SampleTableView2Tests;
			sourceTree = "<group>";
		};
		402EB34421F0A08000D506E4 /* SampleTableView2UITests */ = {
			isa = PBXGroup;
			children = (
				402EB34521F0A08000D506E4 /* SampleTableView2UITests.swift */,
				402EB34721F0A08000D506E4 /* Info.plist */,
			);
			path = SampleTableView2UITests;
			sourceTree = "<group>";
		};
		402EB35321F0BD4400D506E4 /* image */ = {
			isa = PBXGroup;
			children = (
				402EB35821F0BD4E00D506E4 /* image1.HEIC */,
				402EB35421F0BD4E00D506E4 /* image2.JPG */,
				402EB35A21F0BD4F00D506E4 /* image3.JPG */,
				401C492121F717C2008CCBE7 /* image4.HEIC */,
				402EB35921F0BD4E00D506E4 /* image5.JPG */,
				402EB35521F0BD4E00D506E4 /* image6.JPG */,
				402EB35C21F0BD4F00D506E4 /* image7.JPG */,
				402EB35721F0BD4E00D506E4 /* image8.JPG */,
				40F1EF1921F502FD00001885 /* image9.JPG */,
				40F1EF1221F502CB00001885 /* image10.JPG */,
			);
			path = image;
			sourceTree = "<group>";
		};
		40305D0C21F4FD5C003BD229 /* CustomCell */ = {
			isa = PBXGroup;
			children = (
				40F1EF1B21F503EB00001885 /* CustomTableViewCell.swift */,
				40F1EF1C21F503EB00001885 /* CustomTableViewCell.xib */,
			);
			path = CustomCell;
			sourceTree = "<group>";
		};
/* End PBXGroup section */

/* Begin PBXNativeTarget section */
		402EB32121F0A08000D506E4 /* SampleTableView2 */ = {
			isa = PBXNativeTarget;
			buildConfigurationList = 402EB34A21F0A08000D506E4 /* Build configuration list for PBXNativeTarget "SampleTableView2" */;
			buildPhases = (
				402EB31E21F0A08000D506E4 /* Sources */,
				402EB31F21F0A08000D506E4 /* Frameworks */,
				402EB32021F0A08000D506E4 /* Resources */,
			);
			buildRules = (
			);
			dependencies = (
			);
			name = SampleTableView2;
			productName = SampleTableView2;
			productReference = 402EB32221F0A08000D506E4 /* SampleTableView2.app */;
			productType = "com.apple.product-type.application";
		};
		402EB33521F0A08000D506E4 /* SampleTableView2Tests */ = {
			isa = PBXNativeTarget;
			buildConfigurationList = 402EB34D21F0A08000D506E4 /* Build configuration list for PBXNativeTarget "SampleTableView2Tests" */;
			buildPhases = (
				402EB33221F0A08000D506E4 /* Sources */,
				402EB33321F0A08000D506E4 /* Frameworks */,
				402EB33421F0A08000D506E4 /* Resources */,
			);
			buildRules = (
			);
			dependencies = (
				402EB33821F0A08000D506E4 /* PBXTargetDependency */,
			);
			name = SampleTableView2Tests;
			productName = SampleTableView2Tests;
			productReference = 402EB33621F0A08000D506E4 /* SampleTableView2Tests.xctest */;
			productType = "com.apple.product-type.bundle.unit-test";
		};
		402EB34021F0A08000D506E4 /* SampleTableView2UITests */ = {
			isa = PBXNativeTarget;
			buildConfigurationList = 402EB35021F0A08000D506E4 /* Build configuration list for PBXNativeTarget "SampleTableView2UITests" */;
			buildPhases = (
				402EB33D21F0A08000D506E4 /* Sources */,
				402EB33E21F0A08000D506E4 /* Frameworks */,
				402EB33F21F0A08000D506E4 /* Resources */,
			);
			buildRules = (
			);
			dependencies = (
				402EB34321F0A08000D506E4 /* PBXTargetDependency */,
			);
			name = SampleTableView2UITests;
			productName = SampleTableView2UITests;
			productReference = 402EB34121F0A08000D506E4 /* SampleTableView2UITests.xctest */;
			productType = "com.apple.product-type.bundle.ui-testing";
		};
/* End PBXNativeTarget section */

/* Begin PBXProject section */
		402EB31A21F0A08000D506E4 /* Project object */ = {
			isa = PBXProject;
			attributes = {
				LastSwiftUpdateCheck = 1010;
				LastUpgradeCheck = 1010;
				ORGANIZATIONNAME = "原田摩利奈";
				TargetAttributes = {
					402EB32121F0A08000D506E4 = {
						CreatedOnToolsVersion = 10.1;
					};
					402EB33521F0A08000D506E4 = {
						CreatedOnToolsVersion = 10.1;
						TestTargetID = 402EB32121F0A08000D506E4;
					};
					402EB34021F0A08000D506E4 = {
						CreatedOnToolsVersion = 10.1;
						TestTargetID = 402EB32121F0A08000D506E4;
					};
				};
			};
			buildConfigurationList = 402EB31D21F0A08000D506E4 /* Build configuration list for PBXProject "SampleTableView2" */;
			compatibilityVersion = "Xcode 9.3";
			developmentRegion = en;
			hasScannedForEncodings = 0;
			knownRegions = (
				en,
				Base,
			);
			mainGroup = 402EB31921F0A08000D506E4;
			productRefGroup = 402EB32321F0A08000D506E4 /* Products */;
			projectDirPath = "";
			projectRoot = "";
			targets = (
				402EB32121F0A08000D506E4 /* SampleTableView2 */,
				402EB33521F0A08000D506E4 /* SampleTableView2Tests */,
				402EB34021F0A08000D506E4 /* SampleTableView2UITests */,
			);
		};
/* End PBXProject section */

/* Begin PBXResourcesBuildPhase section */
		402EB32021F0A08000D506E4 /* Resources */ = {
			isa = PBXResourcesBuildPhase;
			buildActionMask = 2147483647;
			files = (
				402EB33021F0A08000D506E4 /* LaunchScreen.storyboard in Resources */,
				402EB36421F0BD4F00D506E4 /* image3.JPG in Resources */,
				402EB35F21F0BD4F00D506E4 /* image6.JPG in Resources */,
				402EB32D21F0A08000D506E4 /* Assets.xcassets in Resources */,
				402EB36321F0BD4F00D506E4 /* image5.JPG in Resources */,
				40F1EF1A21F502FD00001885 /* image9.JPG in Resources */,
				402EB35E21F0BD4F00D506E4 /* image2.JPG in Resources */,
				40F1EF1E21F503EB00001885 /* CustomTableViewCell.xib in Resources */,
				402EB32B21F0A08000D506E4 /* Main.storyboard in Resources */,
				402EB36621F0BD4F00D506E4 /* image7.JPG in Resources */,
				402EB36221F0BD4F00D506E4 /* image1.HEIC in Resources */,
				402EB36121F0BD4F00D506E4 /* image8.JPG in Resources */,
				40F1EF1621F502CC00001885 /* image10.JPG in Resources */,
			);
			runOnlyForDeploymentPostprocessing = 0;
		};
		402EB33421F0A08000D506E4 /* Resources */ = {
			isa = PBXResourcesBuildPhase;
			buildActionMask = 2147483647;
			files = (
			);
			runOnlyForDeploymentPostprocessing = 0;
		};
		402EB33F21F0A08000D506E4 /* Resources */ = {
			isa = PBXResourcesBuildPhase;
			buildActionMask = 2147483647;
			files = (
			);
			runOnlyForDeploymentPostprocessing = 0;
		};
/* End PBXResourcesBuildPhase section */

/* Begin PBXSourcesBuildPhase section */
		402EB31E21F0A08000D506E4 /* Sources */ = {
			isa = PBXSourcesBuildPhase;
			buildActionMask = 2147483647;
			files = (
				40F1EF1D21F503EB00001885 /* CustomTableViewCell.swift in Sources */,
				402EB32821F0A08000D506E4 /* ViewController.swift in Sources */,
				402EB32621F0A08000D506E4 /* AppDelegate.swift in Sources */,
			);
			runOnlyForDeploymentPostprocessing = 0;
		};
		402EB33221F0A08000D506E4 /* Sources */ = {
			isa = PBXSourcesBuildPhase;
			buildActionMask = 2147483647;
			files = (
				402EB33B21F0A08000D506E4 /* SampleTableView2Tests.swift in Sources */,
			);
			runOnlyForDeploymentPostprocessing = 0;
		};
		402EB33D21F0A08000D506E4 /* Sources */ = {
			isa = PBXSourcesBuildPhase;
			buildActionMask = 2147483647;
			files = (
				402EB34621F0A08000D506E4 /* SampleTableView2UITests.swift in Sources */,
			);
			runOnlyForDeploymentPostprocessing = 0;
		};
/* End PBXSourcesBuildPhase section */

/* Begin PBXTargetDependency section */
		402EB33821F0A08000D506E4 /* PBXTargetDependency */ = {
			isa = PBXTargetDependency;
			target = 402EB32121F0A08000D506E4 /* SampleTableView2 */;
			targetProxy = 402EB33721F0A08000D506E4 /* PBXContainerItemProxy */;
		};
		402EB34321F0A08000D506E4 /* PBXTargetDependency */ = {
			isa = PBXTargetDependency;
			target = 402EB32121F0A08000D506E4 /* SampleTableView2 */;
			targetProxy = 402EB34221F0A08000D506E4 /* PBXContainerItemProxy */;
		};
/* End PBXTargetDependency section */

/* Begin PBXVariantGroup section */
		402EB32921F0A08000D506E4 /* Main.storyboard */ = {
			isa = PBXVariantGroup;
			children = (
				402EB32A21F0A08000D506E4 /* Base */,
			);
			name = Main.storyboard;
			sourceTree = "<group>";
		};
		402EB32E21F0A08000D506E4 /* LaunchScreen.storyboard */ = {
			isa = PBXVariantGroup;
			children = (
				402EB32F21F0A08000D506E4 /* Base */,
			);
			name = LaunchScreen.storyboard;
			sourceTree = "<group>";
		};
/* End PBXVariantGroup section */

/* Begin XCBuildConfiguration section */
		402EB34821F0A08000D506E4 /* Debug */ = {
			isa = XCBuildConfiguration;
			buildSettings = {
				ALWAYS_SEARCH_USER_PATHS = NO;
				CLANG_ANALYZER_NONNULL = YES;
				CLANG_ANALYZER_NUMBER_OBJECT_CONVERSION = YES_AGGRESSIVE;
				CLANG_CXX_LANGUAGE_STANDARD = "gnu++14";
				CLANG_CXX_LIBRARY = "libc++";
				CLANG_ENABLE_MODULES = YES;
				CLANG_ENABLE_OBJC_ARC = YES;
				CLANG_ENABLE_OBJC_WEAK = YES;
				CLANG_WARN_BLOCK_CAPTURE_AUTORELEASING = YES;
				CLANG_WARN_BOOL_CONVERSION = YES;
				CLANG_WARN_COMMA = YES;
				CLANG_WARN_CONSTANT_CONVERSION = YES;
				CLANG_WARN_DEPRECATED_OBJC_IMPLEMENTATIONS = YES;
				CLANG_WARN_DIRECT_OBJC_ISA_USAGE = YES_ERROR;
				CLANG_WARN_DOCUMENTATION_COMMENTS = YES;
				CLANG_WARN_EMPTY_BODY = YES;
				CLANG_WARN_ENUM_CONVERSION = YES;
				CLANG_WARN_INFINITE_RECURSION = YES;
				CLANG_WARN_INT_CONVERSION = YES;
				CLANG_WARN_NON_LITERAL_NULL_CONVERSION = YES;
				CLANG_WARN_OBJC_IMPLICIT_RETAIN_SELF = YES;
				CLANG_WARN_OBJC_LITERAL_CONVERSION = YES;
				CLANG_WARN_OBJC_ROOT_CLASS = YES_ERROR;
				CLANG_WARN_RANGE_LOOP_ANALYSIS = YES;
				CLANG_WARN_STRICT_PROTOTYPES = YES;
				CLANG_WARN_SUSPICIOUS_MOVE = YES;
				CLANG_WARN_UNGUARDED_AVAILABILITY = YES_AGGRESSIVE;
				CLANG_WARN_UNREACHABLE_CODE = YES;
				CLANG_WARN__DUPLICATE_METHOD_MATCH = YES;
				CODE_SIGN_IDENTITY = "iPhone Developer";
				COPY_PHASE_STRIP = NO;
				DEBUG_INFORMATION_FORMAT = dwarf;
				ENABLE_STRICT_OBJC_MSGSEND = YES;
				ENABLE_TESTABILITY = YES;
				GCC_C_LANGUAGE_STANDARD = gnu11;
				GCC_DYNAMIC_NO_PIC = NO;
				GCC_NO_COMMON_BLOCKS = YES;
				GCC_OPTIMIZATION_LEVEL = 0;
				GCC_PREPROCESSOR_DEFINITIONS = (
					"DEBUG=1",
					"$(inherited)",
				);
				GCC_WARN_64_TO_32_BIT_CONVERSION = YES;
				GCC_WARN_ABOUT_RETURN_TYPE = YES_ERROR;
				GCC_WARN_UNDECLARED_SELECTOR = YES;
				GCC_WARN_UNINITIALIZED_AUTOS = YES_AGGRESSIVE;
				GCC_WARN_UNUSED_FUNCTION = YES;
				GCC_WARN_UNUSED_VARIABLE = YES;
				IPHONEOS_DEPLOYMENT_TARGET = 12.1;
				MTL_ENABLE_DEBUG_INFO = INCLUDE_SOURCE;
				MTL_FAST_MATH = YES;
				ONLY_ACTIVE_ARCH = YES;
				SDKROOT = iphoneos;
				SWIFT_ACTIVE_COMPILATION_CONDITIONS = DEBUG;
				SWIFT_OPTIMIZATION_LEVEL = "-Onone";
			};
			name = Debug;
		};
		402EB34921F0A08000D506E4 /* Release */ = {
			isa = XCBuildConfiguration;
			buildSettings = {
				ALWAYS_SEARCH_USER_PATHS = NO;
				CLANG_ANALYZER_NONNULL = YES;
				CLANG_ANALYZER_NUMBER_OBJECT_CONVERSION = YES_AGGRESSIVE;
				CLANG_CXX_LANGUAGE_STANDARD = "gnu++14";
				CLANG_CXX_LIBRARY = "libc++";
				CLANG_ENABLE_MODULES = YES;
				CLANG_ENABLE_OBJC_ARC = YES;
				CLANG_ENABLE_OBJC_WEAK = YES;
				CLANG_WARN_BLOCK_CAPTURE_AUTORELEASING = YES;
				CLANG_WARN_BOOL_CONVERSION = YES;
				CLANG_WARN_COMMA = YES;
				CLANG_WARN_CONSTANT_CONVERSION = YES;
				CLANG_WARN_DEPRECATED_OBJC_IMPLEMENTATIONS = YES;
				CLANG_WARN_DIRECT_OBJC_ISA_USAGE = YES_ERROR;
				CLANG_WARN_DOCUMENTATION_COMMENTS = YES;
				CLANG_WARN_EMPTY_BODY = YES;
				CLANG_WARN_ENUM_CONVERSION = YES;
				CLANG_WARN_INFINITE_RECURSION = YES;
				CLANG_WARN_INT_CONVERSION = YES;
				CLANG_WARN_NON_LITERAL_NULL_CONVERSION = YES;
				CLANG_WARN_OBJC_IMPLICIT_RETAIN_SELF = YES;
				CLANG_WARN_OBJC_LITERAL_CONVERSION = YES;
				CLANG_WARN_OBJC_ROOT_CLASS = YES_ERROR;
				CLANG_WARN_RANGE_LOOP_ANALYSIS = YES;
				CLANG_WARN_STRICT_PROTOTYPES = YES;
				CLANG_WARN_SUSPICIOUS_MOVE = YES;
				CLANG_WARN_UNGUARDED_AVAILABILITY = YES_AGGRESSIVE;
				CLANG_WARN_UNREACHABLE_CODE = YES;
				CLANG_WARN__DUPLICATE_METHOD_MATCH = YES;
				CODE_SIGN_IDENTITY = "iPhone Developer";
				COPY_PHASE_STRIP = NO;
				DEBUG_INFORMATION_FORMAT = "dwarf-with-dsym";
				ENABLE_NS_ASSERTIONS = NO;
				ENABLE_STRICT_OBJC_MSGSEND = YES;
				GCC_C_LANGUAGE_STANDARD = gnu11;
				GCC_NO_COMMON_BLOCKS = YES;
				GCC_WARN_64_TO_32_BIT_CONVERSION = YES;
				GCC_WARN_ABOUT_RETURN_TYPE = YES_ERROR;
				GCC_WARN_UNDECLARED_SELECTOR = YES;
				GCC_WARN_UNINITIALIZED_AUTOS = YES_AGGRESSIVE;
				GCC_WARN_UNUSED_FUNCTION = YES;
				GCC_WARN_UNUSED_VARIABLE = YES;
				IPHONEOS_DEPLOYMENT_TARGET = 12.1;
				MTL_ENABLE_DEBUG_INFO = NO;
				MTL_FAST_MATH = YES;
				SDKROOT = iphoneos;
				SWIFT_COMPILATION_MODE = wholemodule;
				SWIFT_OPTIMIZATION_LEVEL = "-O";
				VALIDATE_PRODUCT = YES;
			};
			name = Release;
		};
		402EB34B21F0A08000D506E4 /* Debug */ = {
			isa = XCBuildConfiguration;
			buildSettings = {
				ASSETCATALOG_COMPILER_APPICON_NAME = AppIcon;
				CODE_SIGN_STYLE = Automatic;
				INFOPLIST_FILE = SampleTableView2/Info.plist;
				LD_RUNPATH_SEARCH_PATHS = (
					"$(inherited)",
					"@executable_path/Frameworks",
				);
				PRODUCT_BUNDLE_IDENTIFIER = marina.SampleTableView2;
				PRODUCT_NAME = "$(TARGET_NAME)";
				SWIFT_VERSION = 4.2;
				TARGETED_DEVICE_FAMILY = "1,2";
			};
			name = Debug;
		};
		402EB34C21F0A08000D506E4 /* Release */ = {
			isa = XCBuildConfiguration;
			buildSettings = {
				ASSETCATALOG_COMPILER_APPICON_NAME = AppIcon;
				CODE_SIGN_STYLE = Automatic;
				INFOPLIST_FILE = SampleTableView2/Info.plist;
				LD_RUNPATH_SEARCH_PATHS = (
					"$(inherited)",
					"@executable_path/Frameworks",
				);
				PRODUCT_BUNDLE_IDENTIFIER = marina.SampleTableView2;
				PRODUCT_NAME = "$(TARGET_NAME)";
				SWIFT_VERSION = 4.2;
				TARGETED_DEVICE_FAMILY = "1,2";
			};
			name = Release;
		};
		402EB34E21F0A08000D506E4 /* Debug */ = {
			isa = XCBuildConfiguration;
			buildSettings = {
				ALWAYS_EMBED_SWIFT_STANDARD_LIBRARIES = YES;
				BUNDLE_LOADER = "$(TEST_HOST)";
				CODE_SIGN_STYLE = Automatic;
				INFOPLIST_FILE = SampleTableView2Tests/Info.plist;
				LD_RUNPATH_SEARCH_PATHS = (
					"$(inherited)",
					"@executable_path/Frameworks",
					"@loader_path/Frameworks",
				);
				PRODUCT_BUNDLE_IDENTIFIER = marina.SampleTableView2Tests;
				PRODUCT_NAME = "$(TARGET_NAME)";
				SWIFT_VERSION = 4.2;
				TARGETED_DEVICE_FAMILY = "1,2";
				TEST_HOST = "$(BUILT_PRODUCTS_DIR)/SampleTableView2.app/SampleTableView2";
			};
			name = Debug;
		};
		402EB34F21F0A08000D506E4 /* Release */ = {
			isa = XCBuildConfiguration;
			buildSettings = {
				ALWAYS_EMBED_SWIFT_STANDARD_LIBRARIES = YES;
				BUNDLE_LOADER = "$(TEST_HOST)";
				CODE_SIGN_STYLE = Automatic;
				INFOPLIST_FILE = SampleTableView2Tests/Info.plist;
				LD_RUNPATH_SEARCH_PATHS = (
					"$(inherited)",
					"@executable_path/Frameworks",
					"@loader_path/Frameworks",
				);
				PRODUCT_BUNDLE_IDENTIFIER = marina.SampleTableView2Tests;
				PRODUCT_NAME = "$(TARGET_NAME)";
				SWIFT_VERSION = 4.2;
				TARGETED_DEVICE_FAMILY = "1,2";
				TEST_HOST = "$(BUILT_PRODUCTS_DIR)/SampleTableView2.app/SampleTableView2";
			};
			name = Release;
		};
		402EB35121F0A08000D506E4 /* Debug */ = {
			isa = XCBuildConfiguration;
			buildSettings = {
				ALWAYS_EMBED_SWIFT_STANDARD_LIBRARIES = YES;
				CODE_SIGN_STYLE = Automatic;
				INFOPLIST_FILE = SampleTableView2UITests/Info.plist;
				LD_RUNPATH_SEARCH_PATHS = (
					"$(inherited)",
					"@executable_path/Frameworks",
					"@loader_path/Frameworks",
				);
				PRODUCT_BUNDLE_IDENTIFIER = marina.SampleTableView2UITests;
				PRODUCT_NAME = "$(TARGET_NAME)";
				SWIFT_VERSION = 4.2;
				TARGETED_DEVICE_FAMILY = "1,2";
				TEST_TARGET_NAME = SampleTableView2;
			};
			name = Debug;
		};
		402EB35221F0A08000D506E4 /* Release */ = {
			isa = XCBuildConfiguration;
			buildSettings = {
				ALWAYS_EMBED_SWIFT_STANDARD_LIBRARIES = YES;
				CODE_SIGN_STYLE = Automatic;
				INFOPLIST_FILE = SampleTableView2UITests/Info.plist;
				LD_RUNPATH_SEARCH_PATHS = (
					"$(inherited)",
					"@executable_path/Frameworks",
					"@loader_path/Frameworks",
				);
				PRODUCT_BUNDLE_IDENTIFIER = marina.SampleTableView2UITests;
				PRODUCT_NAME = "$(TARGET_NAME)";
				SWIFT_VERSION = 4.2;
				TARGETED_DEVICE_FAMILY = "1,2";
				TEST_TARGET_NAME = SampleTableView2;
			};
			name = Release;
		};
/* End XCBuildConfiguration section */

/* Begin XCConfigurationList section */
		402EB31D21F0A08000D506E4 /* Build configuration list for PBXProject "SampleTableView2" */ = {
			isa = XCConfigurationList;
			buildConfigurations = (
				402EB34821F0A08000D506E4 /* Debug */,
				402EB34921F0A08000D506E4 /* Release */,
			);
			defaultConfigurationIsVisible = 0;
			defaultConfigurationName = Release;
		};
		402EB34A21F0A08000D506E4 /* Build configuration list for PBXNativeTarget "SampleTableView2" */ = {
			isa = XCConfigurationList;
			buildConfigurations = (
				402EB34B21F0A08000D506E4 /* Debug */,
				402EB34C21F0A08000D506E4 /* Release */,
			);
			defaultConfigurationIsVisible = 0;
			defaultConfigurationName = Release;
		};
		402EB34D21F0A08000D506E4 /* Build configuration list for PBXNativeTarget "SampleTableView2Tests" */ = {
			isa = XCConfigurationList;
			buildConfigurations = (
				402EB34E21F0A08000D506E4 /* Debug */,
				402EB34F21F0A08000D506E4 /* Release */,
			);
			defaultConfigurationIsVisible = 0;
			defaultConfigurationName = Release;
		};
		402EB35021F0A08000D506E4 /* Build configuration list for PBXNativeTarget "SampleTableView2UITests" */ = {
			isa = XCConfigurationList;
			buildConfigurations = (
				402EB35121F0A08000D506E4 /* Debug */,
				402EB35221F0A08000D506E4 /* Release */,
			);
			defaultConfigurationIsVisible = 0;
			defaultConfigurationName = Release;
		};
/* End XCConfigurationList section */
	};
	rootObject = 402EB31A21F0A08000D506E4 /* Project object */;
}
